Microsoft Visual Studio Solution File, Format Version 12.00
# Visual Studio Version 17
VisualStudioVersion = 17.5.2.0
MinimumVisualStudioVersion = 10.0.40219.1
Project("{FAE04EC0-301F-11D3-BF4B-00C04F79EFBC}") = "REYES_Activity2", "REYES_Activity2.csproj", "{2E3FC22E-6DDB-446D-3C3A-FE0D784DCD90}"
EndProject
Global
	GlobalSection(SolutionConfigurationPlatforms) = preSolution
		Debug|Any CPU = Debug|Any CPU
		Release|Any CPU = Release|Any CPU
	EndGlobalSection
	GlobalSection(ProjectConfigurationPlatforms) = postSolution
		{2E3FC22E-6DDB-446D-3C3A-FE0D784DCD90}.Debug|Any CPU.ActiveCfg = Debug|Any CPU
		{2E3FC22E-6DDB-446D-3C3A-FE0D784DCD90}.Debug|Any CPU.Build.0 = Debug|Any CPU
		{2E3FC22E-6DDB-446D-3C3A-FE0D784DCD90}.Release|Any CPU.ActiveCfg = Release|Any CPU
		{2E3FC22E-6DDB-446D-3C3A-FE0D784DCD90}.Release|Any CPU.Build.0 = Release|Any CPU
	EndGlobalSection
	GlobalSection(SolutionProperties) = preSolution
		HideSolutionNode = FALSE
	EndGlobalSection
	GlobalSection(ExtensibilityGlobals) = postSolution
		SolutionGuid = {5645E2D7-07DF-4A3F-BCF2-78CCAB2C8817}
	EndGlobalSection
EndGlobal
